
Microsoft Visual Studio Solution File, Format Version 12.00
# Visual Studio Version 17
VisualStudioVersion = 17.5.33530.505
MinimumVisualStudioVersion = 10.0.40219.1
Project("{FAE04EC0-301F-11D3-BF4B-00C04F79EFBC}") = "HotelLogic", "HotelLogic\HotelLogic.csproj", "{6B936533-FD3B-4DD9-BBA2-29C7D125406B}"
EndProject
Project("{FAE04EC0-301F-11D3-BF4B-00C04F79EFBC}") = "HotelInterface", "HotelInterface\HotelInterface.csproj", "{2840DE3F-5156-48F0-A711-8A0237382167}"
EndProject
Global
	GlobalSection(SolutionConfigurationPlatforms) = preSolution
		Debug|Any CPU = Debug|Any CPU
		Release|Any CPU = Release|Any CPU
	EndGlobalSection
	GlobalSection(ProjectConfigurationPlatforms) = postSolution
		{6B936533-FD3B-4DD9-BBA2-29C7D125406B}.Debug|Any CPU.ActiveCfg = Debug|Any CPU
		{6B936533-FD3B-4DD9-BBA2-29C7D125406B}.Debug|Any CPU.Build.0 = Debug|Any CPU
		{6B936533-FD3B-4DD9-BBA2-29C7D125406B}.Release|Any CPU.ActiveCfg = Release|Any CPU
		{6B936533-FD3B-4DD9-BBA2-29C7D125406B}.Release|Any CPU.Build.0 = Release|Any CPU
		{2840DE3F-5156-48F0-A711-8A0237382167}.Debug|Any CPU.ActiveCfg = Debug|Any CPU
		{2840DE3F-5156-48F0-A711-8A0237382167}.Debug|Any CPU.Build.0 = Debug|Any CPU
		{2840DE3F-5156-48F0-A711-8A0237382167}.Release|Any CPU.ActiveCfg = Release|Any CPU
		{2840DE3F-5156-48F0-A711-8A0237382167}.Release|Any CPU.Build.0 = Release|Any CPU
	EndGlobalSection
	GlobalSection(SolutionProperties) = preSolution
		HideSolutionNode = FALSE
	EndGlobalSection
	GlobalSection(ExtensibilityGlobals) = postSolution
		SolutionGuid = {EAFF04C6-5DD4-466C-8B01-E92DA5C051C3}
	EndGlobalSection
EndGlobal
